{
  "pins" : [
    {
      "identity" : "madboards",
      "kind" : "remoteSourceControl",
      "location" : "https://github.com/madmachineio/MadBoards.git",
      "state" : {
        "branch" : "main",
        "revision" : "2f461aceacd111a3ee0805adb7ef949f7ae097d4"
      }
    },
    {
      "identity" : "maddrivers",
      "kind" : "remoteSourceControl",
      "location" : "https://github.com/madmachineio/MadDrivers.git",
      "state" : {
        "branch" : "main",
        "revision" : "dcf5e351c609b2cbc47f3e95d5724828b77b660f"
      }
    },
    {
      "identity" : "swift-numerics",
      "kind" : "remoteSourceControl",
      "location" : "https://github.com/apple/swift-numerics",
      "state" : {
        "revision" : "0a5bc04095a675662cf24757cc0640aa2204253b",
        "version" : "1.0.2"
      }
    },
    {
      "identity" : "swiftio",
      "kind" : "remoteSourceControl",
      "location" : "https://github.com/madmachineio/SwiftIO.git",
      "state" : {
        "branch" : "main",
        "revision" : "3641c4c4e1a0d0aa73435991665cddb1e6dcdfa5"
      }
    }
  ],
  "version" : 2
}
